Microsoft Visual Studio Solution File, Format Version 9.00
# Visual Studio 2005
Project("{8BC9CEB8-8B4A-11D0-8D11-00A0C91BC942}") = "inspircd", "inspircdVC80.vcproj", "{FE82A6FC-41C7-4CB1-AA46-6DBCB6C682C8}"
	ProjectSection(ProjectDependencies) = postProject
		{B922B569-727E-4EB0-827A-04E133A91DE7} = {B922B569-727E-4EB0-827A-04E133A91DE7}
	EndProjectSection
EndProject
Project("{8BC9CEB8-8B4A-11D0-8D11-00A0C91BC942}") = "configure", "configureVC80.vcproj", "{B922B569-727E-4EB0-827A-04E133A91DE7}"
EndProject
Project("{8BC9CEB8-8B4A-11D0-8D11-00A0C91BC942}") = "m_spanningtree", "m_spanningtreeVC80.vcproj", "{1EC86B60-AB2A-4984-8A7E-0422C15601E0}"
	ProjectSection(ProjectDependencies) = postProject
		{FE82A6FC-41C7-4CB1-AA46-6DBCB6C682C8} = {FE82A6FC-41C7-4CB1-AA46-6DBCB6C682C8}
	EndProjectSection
EndProject
Global
	GlobalSection(SolutionConfigurationPlatforms) = preSolution
		Debug|Win32 = Debug|Win32
		Debug|x64 = Debug|x64
		Release|Win32 = Release|Win32
		Release|x64 = Release|x64
	EndGlobalSection
	GlobalSection(ProjectConfigurationPlatforms) = postSolution
		{FE82A6FC-41C7-4CB1-AA46-6DBCB6C682C8}.Debug|Win32.ActiveCfg = Debug|Win32
		{FE82A6FC-41C7-4CB1-AA46-6DBCB6C682C8}.Debug|Win32.Build.0 = Debug|Win32
		{FE82A6FC-41C7-4CB1-AA46-6DBCB6C682C8}.Debug|x64.ActiveCfg = Debug|x64
		{FE82A6FC-41C7-4CB1-AA46-6DBCB6C682C8}.Debug|x64.Build.0 = Debug|x64
		{FE82A6FC-41C7-4CB1-AA46-6DBCB6C682C8}.Release|Win32.ActiveCfg = Release|Win32
		{FE82A6FC-41C7-4CB1-AA46-6DBCB6C682C8}.Release|Win32.Build.0 = Release|Win32
		{FE82A6FC-41C7-4CB1-AA46-6DBCB6C682C8}.Release|x64.ActiveCfg = Release|x64
		{FE82A6FC-41C7-4CB1-AA46-6DBCB6C682C8}.Release|x64.Build.0 = Release|x64
		{B922B569-727E-4EB0-827A-04E133A91DE7}.Debug|Win32.ActiveCfg = Debug|Win32
		{B922B569-727E-4EB0-827A-04E133A91DE7}.Debug|Win32.Build.0 = Debug|Win32
		{B922B569-727E-4EB0-827A-04E133A91DE7}.Debug|x64.ActiveCfg = Debug|x64
		{B922B569-727E-4EB0-827A-04E133A91DE7}.Debug|x64.Build.0 = Debug|x64
		{B922B569-727E-4EB0-827A-04E133A91DE7}.Release|Win32.ActiveCfg = Release|Win32
		{B922B569-727E-4EB0-827A-04E133A91DE7}.Release|Win32.Build.0 = Release|Win32
		{B922B569-727E-4EB0-827A-04E133A91DE7}.Release|x64.ActiveCfg = Release|x64
		{B922B569-727E-4EB0-827A-04E133A91DE7}.Release|x64.Build.0 = Release|x64
		{1EC86B60-AB2A-4984-8A7E-0422C15601E0}.Debug|Win32.ActiveCfg = Debug|Win32
		{1EC86B60-AB2A-4984-8A7E-0422C15601E0}.Debug|Win32.Build.0 = Debug|Win32
		{1EC86B60-AB2A-4984-8A7E-0422C15601E0}.Debug|x64.ActiveCfg = Debug|x64
		{1EC86B60-AB2A-4984-8A7E-0422C15601E0}.Debug|x64.Build.0 = Debug|x64
		{1EC86B60-AB2A-4984-8A7E-0422C15601E0}.Release|Win32.ActiveCfg = Release|Win32
		{1EC86B60-AB2A-4984-8A7E-0422C15601E0}.Release|Win32.Build.0 = Release|Win32
		{1EC86B60-AB2A-4984-8A7E-0422C15601E0}.Release|x64.ActiveCfg = Release|x64
		{1EC86B60-AB2A-4984-8A7E-0422C15601E0}.Release|x64.Build.0 = Release|x64
	EndGlobalSection
	GlobalSection(SolutionProperties) = preSolution
		HideSolutionNode = FALSE
	EndGlobalSection
EndGlobal
